// !$*UTF8*$!
{
	archiveVersion = 1;
	classes = {
	};
	objectVersion = 46;
	objects = {

/* Begin PBXBuildFile section */
		204EDBAB1AED353F0075CF4E /* AppDelegate.swift in Sources */ = {isa = PBXBuildFile; fileRef = 204EDBAA1AED353F0075CF4E /* AppDelegate.swift */; };
		204EDBB01AED353F0075CF4E /* Main.storyboard in Resources */ = {isa = PBXBuildFile; fileRef = 204EDBAE1AED353F0075CF4E /* Main.storyboard */; };
		204EDBB21AED353F0075CF4E /* Images.xcassets in Resources */ = {isa = PBXBuildFile; fileRef = 204EDBB11AED353F0075CF4E /* Images.xcassets */; };
		204EDBB51AED353F0075CF4E /* LaunchScreen.xib in Resources */ = {isa = PBXBuildFile; fileRef = 204EDBB31AED353F0075CF4E /* LaunchScreen.xib */; };
		204EDBC11AED353F0075CF4E /* MemeMeTests.swift in Sources */ = {isa = PBXBuildFile; fileRef = 204EDBC01AED353F0075CF4E /* MemeMeTests.swift */; };
		204EDBCD1AED37E00075CF4E /* Meme.swift in Sources */ = {isa = PBXBuildFile; fileRef = 204EDBCC1AED37E00075CF4E /* Meme.swift */; };
		204EDBCF1AED38430075CF4E /* SentMemesTableViewController.swift in Sources */ = {isa = PBXBuildFile; fileRef = 204EDBCE1AED38430075CF4E /* SentMemesTableViewController.swift */; };
		204EDBD11AED38640075CF4E /* SentMemesCollectionViewController.swift in Sources */ = {isa = PBXBuildFile; fileRef = 204EDBD01AED38640075CF4E /* SentMemesCollectionViewController.swift */; };
		204EDBD31AED387F0075CF4E /* MemeEditorViewController.swift in Sources */ = {isa = PBXBuildFile; fileRef = 204EDBD21AED387F0075CF4E /* MemeEditorViewController.swift */; };
		204EDBD51AED389C0075CF4E /* MemeDetailViewController.swift in Sources */ = {isa = PBXBuildFile; fileRef = 204EDBD41AED389C0075CF4E /* MemeDetailViewController.swift */; };
/* End PBXBuildFile section */

/* Begin PBXContainerItemProxy section */
		204EDBBB1AED353F0075CF4E /* PBXContainerItemProxy */ = {
			isa = PBXContainerItemProxy;
			containerPortal = 204EDB9D1AED353F0075CF4E /* Project object */;
			proxyType = 1;
			remoteGlobalIDString = 204EDBA41AED353F0075CF4E;
			remoteInfo = MemeMe;
		};
/* End PBXContainerItemProxy section */

/* Begin PBXFileReference section */
		204EDBA51AED353F0075CF4E /* MemeMe.app */ = {isa = PBXFileReference; explicitFileType = wrapper.application; includeInIndex = 0; path = MemeMe.app; sourceTree = BUILT_PRODUCTS_DIR; };
		204EDBA91AED353F0075CF4E /* Info.plist */ = {isa = PBXFileReference; lastKnownFileType = text.plist.xml; path = Info.plist; sourceTree = "<group>"; };
		204EDBAA1AED353F0075CF4E /* AppDelegate.swift */ = {isa = PBXFileReference; lastKnownFileType = sourcecode.swift; path = AppDelegate.swift; sourceTree = "<group>"; };
		204EDBAF1AED353F0075CF4E /* Base */ = {isa = PBXFileReference; lastKnownFileType = file.storyboard; name = Base; path = Base.lproj/Main.storyboard; sourceTree = "<group>"; };
		204EDBB11AED353F0075CF4E /* Images.xcassets */ = {isa = PBXFileReference; lastKnownFileType = folder.assetcatalog; path = Images.xcassets; sourceTree = "<group>"; };
		204EDBB41AED353F0075CF4E /* Base */ = {isa = PBXFileReference; lastKnownFileType = file.xib; name = Base; path = Base.lproj/LaunchScreen.xib; sourceTree = "<group>"; };
		204EDBBA1AED353F0075CF4E /* MemeMeTests.xctest */ = {isa = PBXFileReference; explicitFileType = wrapper.cfbundle; includeInIndex = 0; path = MemeMeTests.xctest; sourceTree = BUILT_PRODUCTS_DIR; };
		204EDBBF1AED353F0075CF4E /* Info.plist */ = {isa = PBXFileReference; lastKnownFileType = text.plist.xml; path = Info.plist; sourceTree = "<group>"; };
		204EDBC01AED353F0075CF4E /* MemeMeTests.swift */ = {isa = PBXFileReference; lastKnownFileType = sourcecode.swift; path = MemeMeTests.swift; sourceTree = "<group>"; };
		204EDBCC1AED37E00075CF4E /* Meme.swift */ = {isa = PBXFileReference; fileEncoding = 4; lastKnownFileType = sourcecode.swift; name = Meme.swift; path = Models/Meme.swift; sourceTree = "<group>"; };
		204EDBCE1AED38430075CF4E /* SentMemesTableViewController.swift */ = {isa = PBXFileReference; fileEncoding = 4; lastKnownFileType = sourcecode.swift; name = SentMemesTableViewController.swift; path = Controllers/SentMemesTableViewController.swift; sourceTree = "<group>"; };
		204EDBD01AED38640075CF4E /* SentMemesCollectionViewController.swift */ = {isa = PBXFileReference; fileEncoding = 4; lastKnownFileType = sourcecode.swift; name = SentMemesCollectionViewController.swift; path = Controllers/SentMemesCollectionViewController.swift; sourceTree = "<group>"; };
		204EDBD21AED387F0075CF4E /* MemeEditorViewController.swift */ = {isa = PBXFileReference; fileEncoding = 4; lastKnownFileType = sourcecode.swift; name = MemeEditorViewController.swift; path = Controllers/MemeEditorViewController.swift; sourceTree = "<group>"; };
		204EDBD41AED389C0075CF4E /* MemeDetailViewController.swift */ = {isa = PBXFileReference; fileEncoding = 4; lastKnownFileType = sourcecode.swift; name = MemeDetailViewController.swift; path = Controllers/MemeDetailViewController.swift; sourceTree = "<group>"; };
/* End PBXFileReference section */

/* Begin PBXFrameworksBuildPhase section */
		204EDBA21AED353F0075CF4E /* Frameworks */ = {
			isa = PBXFrameworksBuildPhase;
			buildActionMask = 2147483647;
			files = (
			);
			runOnlyForDeploymentPostprocessing = 0;
		};
		204EDBB71AED353F0075CF4E /* Frameworks */ = {
			isa = PBXFrameworksBuildPhase;
			buildActionMask = 2147483647;
			files = (
			);
			runOnlyForDeploymentPostprocessing = 0;
		};
/* End PBXFrameworksBuildPhase section */

/* Begin PBXGroup section */
		204EDB9C1AED353F0075CF4E = {
			isa = PBXGroup;
			children = (
				204EDBA71AED353F0075CF4E /* MemeMe */,
				204EDBBD1AED353F0075CF4E /* MemeMeTests */,
				204EDBA61AED353F0075CF4E /* Products */,
			);
			sourceTree = "<group>";
		};
		204EDBA61AED353F0075CF4E /* Products */ = {
			isa = PBXGroup;
			children = (
				204EDBA51AED353F0075CF4E /* MemeMe.app */,
				204EDBBA1AED353F0075CF4E /* MemeMeTests.xctest */,
			);
			name = Products;
			sourceTree = "<group>";
		};
		204EDBA71AED353F0075CF4E /* MemeMe */ = {
			isa = PBXGroup;
			children = (
				204EDBCB1AED37B10075CF4E /* Models */,
				204EDBCA1AED376D0075CF4E /* Controllers */,
				204EDBAA1AED353F0075CF4E /* AppDelegate.swift */,
				204EDBAE1AED353F0075CF4E /* Main.storyboard */,
				204EDBB11AED353F0075CF4E /* Images.xcassets */,
				204EDBB31AED353F0075CF4E /* LaunchScreen.xib */,
				204EDBA81AED353F0075CF4E /* Supporting Files */,
			);
			path = MemeMe;
			sourceTree = "<group>";
		};
		204EDBA81AED353F0075CF4E /* Supporting Files */ = {
			isa = PBXGroup;
			children = (
				204EDBA91AED353F0075CF4E /* Info.plist */,
			);
			name = "Supporting Files";
			sourceTree = "<group>";
		};
		204EDBBD1AED353F0075CF4E /* MemeMeTests */ = {
			isa = PBXGroup;
			children = (
				204EDBC01AED353F0075CF4E /* MemeMeTests.swift */,
				204EDBBE1AED353F0075CF4E /* Supporting Files */,
			);
			path = MemeMeTests;
			sourceTree = "<group>";
		};
		204EDBBE1AED353F0075CF4E /* Supporting Files */ = {
			isa = PBXGroup;
			children = (
				204EDBBF1AED353F0075CF4E /* Info.plist */,
			);
			name = "Supporting Files";
			sourceTree = "<group>";
		};
		204EDBCA1AED376D0075CF4E /* Controllers */ = {
			isa = PBXGroup;
			children = (
				204EDBCE1AED38430075CF4E /* SentMemesTableViewController.swift */,
				204EDBD01AED38640075CF4E /* SentMemesCollectionViewController.swift */,
				204EDBD21AED387F0075CF4E /* MemeEditorViewController.swift */,
				204EDBD41AED389C0075CF4E /* MemeDetailViewController.swift */,
			);
			name = Controllers;
			sourceTree = "<group>";
		};
		204EDBCB1AED37B10075CF4E /* Models */ = {
			isa = PBXGroup;
			children = (
				204EDBCC1AED37E00075CF4E /* Meme.swift */,
			);
			name = Models;
			sourceTree = "<group>";
		};
/* End PBXGroup section */

/* Begin PBXNativeTarget section */
		204EDBA41AED353F0075CF4E /* MemeMe */ = {
			isa = PBXNativeTarget;
			buildConfigurationList = 204EDBC41AED353F0075CF4E /* Build configuration list for PBXNativeTarget "MemeMe" */;
			buildPhases = (
				204EDBA11AED353F0075CF4E /* Sources */,
				204EDBA21AED353F0075CF4E /* Frameworks */,
				204EDBA31AED353F0075CF4E /* Resources */,
			);
			buildRules = (
			);
			dependencies = (
			);
			name = MemeMe;
			productName = MemeMe;
			productReference = 204EDBA51AED353F0075CF4E /* MemeMe.app */;
			productType = "com.apple.product-type.application";
		};
		204EDBB91AED353F0075CF4E /* MemeMeTests */ = {
			isa = PBXNativeTarget;
			buildConfigurationList = 204EDBC71AED353F0075CF4E /* Build configuration list for PBXNativeTarget "MemeMeTests" */;
			buildPhases = (
				204EDBB61AED353F0075CF4E /* Sources */,
				204EDBB71AED353F0075CF4E /* Frameworks */,
				204EDBB81AED353F0075CF4E /* Resources */,
			);
			buildRules = (
			);
			dependencies = (
				204EDBBC1AED353F0075CF4E /* PBXTargetDependency */,
			);
			name = MemeMeTests;
			productName = MemeMeTests;
			productReference = 204EDBBA1AED353F0075CF4E /* MemeMeTests.xctest */;
			productType = "com.apple.product-type.bundle.unit-test";
		};
/* End PBXNativeTarget section */

/* Begin PBXProject section */
		204EDB9D1AED353F0075CF4E /* Project object */ = {
			isa = PBXProject;
			attributes = {
				LastUpgradeCheck = 0630;
				ORGANIZATIONNAME = "Object Coder";
				TargetAttributes = {
					204EDBA41AED353F0075CF4E = {
						CreatedOnToolsVersion = 6.3.1;
					};
					204EDBB91AED353F0075CF4E = {
						CreatedOnToolsVersion = 6.3.1;
						TestTargetID = 204EDBA41AED353F0075CF4E;
					};
				};
			};
			buildConfigurationList = 204EDBA01AED353F0075CF4E /* Build configuration list for PBXProject "MemeMe" */;
			compatibilityVersion = "Xcode 3.2";
			developmentRegion = English;
			hasScannedForEncodings = 0;
			knownRegions = (
				en,
				Base,
			);
			mainGroup = 204EDB9C1AED353F0075CF4E;
			productRefGroup = 204EDBA61AED353F0075CF4E /* Products */;
			projectDirPath = "";
			projectRoot = "";
			targets = (
				204EDBA41AED353F0075CF4E /* MemeMe */,
				204EDBB91AED353F0075CF4E /* MemeMeTests */,
			);
		};
/* End PBXProject section */

/* Begin PBXResourcesBuildPhase section */
		204EDBA31AED353F0075CF4E /* Resources */ = {
			isa = PBXResourcesBuildPhase;
			buildActionMask = 2147483647;
			files = (
				204EDBB01AED353F0075CF4E /* Main.storyboard in Resources */,
				204EDBB51AED353F0075CF4E /* LaunchScreen.xib in Resources */,
				204EDBB21AED353F0075CF4E /* Images.xcassets in Resources */,
			);
			runOnlyForDeploymentPostprocessing = 0;
		};
		204EDBB81AED353F0075CF4E /* Resources */ = {
			isa = PBXResourcesBuildPhase;
			buildActionMask = 2147483647;
			files = (
			);
			runOnlyForDeploymentPostprocessing = 0;
		};
/* End PBXResourcesBuildPhase section */

/* Begin PBXSourcesBuildPhase section */
		204EDBA11AED353F0075CF4E /* Sources */ = {
			isa = PBXSourcesBuildPhase;
			buildActionMask = 2147483647;
			files = (
				204EDBAB1AED353F0075CF4E /* AppDelegate.swift in Sources */,
				204EDBCF1AED38430075CF4E /* SentMemesTableViewController.swift in Sources */,
				204EDBD11AED38640075CF4E /* SentMemesCollectionViewController.swift in Sources */,
				204EDBD51AED389C0075CF4E /* MemeDetailViewController.swift in Sources */,
				204EDBCD1AED37E00075CF4E /* Meme.swift in Sources */,
				204EDBD31AED387F0075CF4E /* MemeEditorViewController.swift in Sources */,
			);
			runOnlyForDeploymentPostprocessing = 0;
		};
		204EDBB61AED353F0075CF4E /* Sources */ = {
			isa = PBXSourcesBuildPhase;
			buildActionMask = 2147483647;
			files = (
				204EDBC11AED353F0075CF4E /* MemeMeTests.swift in Sources */,
			);
			runOnlyForDeploymentPostprocessing = 0;
		};
/* End PBXSourcesBuildPhase section */

/* Begin PBXTargetDependency section */
		204EDBBC1AED353F0075CF4E /* PBXTargetDependency */ = {
			isa = PBXTargetDependency;
			target = 204EDBA41AED353F0075CF4E /* MemeMe */;
			targetProxy = 204EDBBB1AED353F0075CF4E /* PBXContainerItemProxy */;
		};
/* End PBXTargetDependency section */

/* Begin PBXVariantGroup section */
		204EDBAE1AED353F0075CF4E /* Main.storyboard */ = {
			isa = PBXVariantGroup;
			children = (
				204EDBAF1AED353F0075CF4E /* Base */,
			);
			name = Main.storyboard;
			sourceTree = "<group>";
		};
		204EDBB31AED353F0075CF4E /* LaunchScreen.xib */ = {
			isa = PBXVariantGroup;
			children = (
				204EDBB41AED353F0075CF4E /* Base */,
			);
			name = LaunchScreen.xib;
			sourceTree = "<group>";
		};
/* End PBXVariantGroup section */

/* Begin XCBuildConfiguration section */
		204EDBC21AED353F0075CF4E /* Debug */ = {
			isa = XCBuildConfiguration;
			buildSettings = {
				ALWAYS_SEARCH_USER_PATHS = NO;
				CLANG_CXX_LANGUAGE_STANDARD = "gnu++0x";
				CLANG_CXX_LIBRARY = "libc++";
				CLANG_ENABLE_MODULES = YES;
				CLANG_ENABLE_OBJC_ARC = YES;
				CLANG_WARN_BOOL_CONVERSION = YES;
				CLANG_WARN_CONSTANT_CONVERSION = YES;
				CLANG_WARN_DIRECT_OBJC_ISA_USAGE = YES_ERROR;
				CLANG_WARN_EMPTY_BODY = YES;
				CLANG_WARN_ENUM_CONVERSION = YES;
				CLANG_WARN_INT_CONVERSION = YES;
				CLANG_WARN_OBJC_ROOT_CLASS = YES_ERROR;
				CLANG_WARN_UNREACHABLE_CODE = YES;
				CLANG_WARN__DUPLICATE_METHOD_MATCH = YES;
				"CODE_SIGN_IDENTITY[sdk=iphoneos*]" = "iPhone Developer";
				COPY_PHASE_STRIP = NO;
				DEBUG_INFORMATION_FORMAT = "dwarf-with-dsym";
				ENABLE_STRICT_OBJC_MSGSEND = YES;
				GCC_C_LANGUAGE_STANDARD = gnu99;
				GCC_DYNAMIC_NO_PIC = NO;
				GCC_NO_COMMON_BLOCKS = YES;
				GCC_OPTIMIZATION_LEVEL = 0;
				GCC_PREPROCESSOR_DEFINITIONS = (
					"DEBUG=1",
					"$(inherited)",
				);
				GCC_SYMBOLS_PRIVATE_EXTERN = NO;
				GCC_WARN_64_TO_32_BIT_CONVERSION = YES;
				GCC_WARN_ABOUT_RETURN_TYPE = YES_ERROR;
				GCC_WARN_UNDECLARED_SELECTOR = YES;
				GCC_WARN_UNINITIALIZED_AUTOS = YES_AGGRESSIVE;
				GCC_WARN_UNUSED_FUNCTION = YES;
				GCC_WARN_UNUSED_VARIABLE = YES;
				IPHONEOS_DEPLOYMENT_TARGET = 8.3;
				MTL_ENABLE_DEBUG_INFO = YES;
				ONLY_ACTIVE_ARCH = YES;
				SDKROOT = iphoneos;
				SWIFT_OPTIMIZATION_LEVEL = "-Onone";
			};
			name = Debug;
		};
		204EDBC31AED353F0075CF4E /* Release */ = {
			isa = XCBuildConfiguration;
			buildSettings = {
				ALWAYS_SEARCH_USER_PATHS = NO;
				CLANG_CXX_LANGUAGE_STANDARD = "gnu++0x";
				CLANG_CXX_LIBRARY = "libc++";
				CLANG_ENABLE_MODULES = YES;
				CLANG_ENABLE_OBJC_ARC = YES;
				CLANG_WARN_BOOL_CONVERSION = YES;
				CLANG_WARN_CONSTANT_CONVERSION = YES;
				CLANG_WARN_DIRECT_OBJC_ISA_USAGE = YES_ERROR;
				CLANG_WARN_EMPTY_BODY = YES;
				CLANG_WARN_ENUM_CONVERSION = YES;
				CLANG_WARN_INT_CONVERSION = YES;
				CLANG_WARN_OBJC_ROOT_CLASS = YES_ERROR;
				CLANG_WARN_UNREACHABLE_CODE = YES;
				CLANG_WARN__DUPLICATE_METHOD_MATCH = YES;
				"CODE_SIGN_IDENTITY[sdk=iphoneos*]" = "iPhone Developer";
				COPY_PHASE_STRIP = NO;
				DEBUG_INFORMATION_FORMAT = "dwarf-with-dsym";
				ENABLE_NS_ASSERTIONS = NO;
				ENABLE_STRICT_OBJC_MSGSEND = YES;
				GCC_C_LANGUAGE_STANDARD = gnu99;
				GCC_NO_COMMON_BLOCKS = YES;
				GCC_WARN_64_TO_32_BIT_CONVERSION = YES;
				GCC_WARN_ABOUT_RETURN_TYPE = YES_ERROR;
				GCC_WARN_UNDECLARED_SELECTOR = YES;
				GCC_WARN_UNINITIALIZED_AUTOS = YES_AGGRESSIVE;
				GCC_WARN_UNUSED_FUNCTION = YES;
				GCC_WARN_UNUSED_VARIABLE = YES;
				IPHONEOS_DEPLOYMENT_TARGET = 8.3;
				MTL_ENABLE_DEBUG_INFO = NO;
				SDKROOT = iphoneos;
				VALIDATE_PRODUCT = YES;
			};
			name = Release;
		};
		204EDBC51AED353F0075CF4E /* Debug */ = {
			isa = XCBuildConfiguration;
			buildSettings = {
				ASSETCATALOG_COMPILER_APPICON_NAME = AppIcon;
				INFOPLIST_FILE = MemeMe/Info.plist;
				LD_RUNPATH_SEARCH_PATHS = "$(inherited) @executable_path/Frameworks";
				PRODUCT_NAME = "$(TARGET_NAME)";
			};
			name = Debug;
		};
		204EDBC61AED353F0075CF4E /* Release */ = {
			isa = XCBuildConfiguration;
			buildSettings = {
				ASSETCATALOG_COMPILER_APPICON_NAME = AppIcon;
				INFOPLIST_FILE = MemeMe/Info.plist;
				LD_RUNPATH_SEARCH_PATHS = "$(inherited) @executable_path/Frameworks";
				PRODUCT_NAME = "$(TARGET_NAME)";
			};
			name = Release;
		};
		204EDBC81AED353F0075CF4E /* Debug */ = {
			isa = XCBuildConfiguration;
			buildSettings = {
				BUNDLE_LOADER = "$(TEST_HOST)";
				FRAMEWORK_SEARCH_PATHS = (
					"$(SDKROOT)/Developer/Library/Frameworks",
					"$(inherited)",
				);
				GCC_PREPROCESSOR_DEFINITIONS = (
					"DEBUG=1",
					"$(inherited)",
				);
				INFOPLIST_FILE = MemeMeTests/Info.plist;
				LD_RUNPATH_SEARCH_PATHS = "$(inherited) @executable_path/Frameworks @loader_path/Frameworks";
				PRODUCT_NAME = "$(TARGET_NAME)";
				TEST_HOST = "$(BUILT_PRODUCTS_DIR)/MemeMe.app/MemeMe";
			};
			name = Debug;
		};
		204EDBC91AED353F0075CF4E /* Release */ = {
			isa = XCBuildConfiguration;
			buildSettings = {
				BUNDLE_LOADER = "$(TEST_HOST)";
				FRAMEWORK_SEARCH_PATHS = (
					"$(SDKROOT)/Developer/Library/Frameworks",
					"$(inherited)",
				);
				INFOPLIST_FILE = MemeMeTests/Info.plist;
				LD_RUNPATH_SEARCH_PATHS = "$(inherited) @executable_path/Frameworks @loader_path/Frameworks";
				PRODUCT_NAME = "$(TARGET_NAME)";
				TEST_HOST = "$(BUILT_PRODUCTS_DIR)/MemeMe.app/MemeMe";
			};
			name = Release;
		};
/* End XCBuildConfiguration section */

/* Begin XCConfigurationList section */
		204EDBA01AED353F0075CF4E /* Build configuration list for PBXProject "MemeMe" */ = {
			isa = XCConfigurationList;
			buildConfigurations = (
				204EDBC21AED353F0075CF4E /* Debug */,
				204EDBC31AED353F0075CF4E /* Release */,
			);
			defaultConfigurationIsVisible = 0;
			defaultConfigurationName = Release;
		};
		204EDBC41AED353F0075CF4E /* Build configuration list for PBXNativeTarget "MemeMe" */ = {
			isa = XCConfigurationList;
			buildConfigurations = (
				204EDBC51AED353F0075CF4E /* Debug */,
				204EDBC61AED353F0075CF4E /* Release */,
			);
			defaultConfigurationIsVisible = 0;
		};
		204EDBC71AED353F0075CF4E /* Build configuration list for PBXNativeTarget "MemeMeTests" */ = {
			isa = XCConfigurationList;
			buildConfigurations = (
				204EDBC81AED353F0075CF4E /* Debug */,
				204EDBC91AED353F0075CF4E /* Release */,
			);
			defaultConfigurationIsVisible = 0;
		};
/* End XCConfigurationList section */
	};
	rootObject = 204EDB9D1AED353F0075CF4E /* Project object */;
}
